
Microsoft Visual Studio Solution File, Format Version 12.00
# Visual Studio Version 16
VisualStudioVersion = 16.0.30011.22
MinimumVisualStudioVersion = 10.0.40219.1
Project("{FAE04EC0-301F-11D3-BF4B-00C04F79EFBC}") = "Comander", "Comander\Comander.csproj", "{D3458F5C-173F-4295-BED7-42E77D391057}"
EndProject
Global
	GlobalSection(SolutionConfigurationPlatforms) = preSolution
		Debug|Any CPU = Debug|Any CPU
		Release|Any CPU = Release|Any CPU
	EndGlobalSection
	GlobalSection(ProjectConfigurationPlatforms) = postSolution
		{D3458F5C-173F-4295-BED7-42E77D391057}.Debug|Any CPU.ActiveCfg = Debug|Any CPU
		{D3458F5C-173F-4295-BED7-42E77D391057}.Debug|Any CPU.Build.0 = Debug|Any CPU
		{D3458F5C-173F-4295-BED7-42E77D391057}.Release|Any CPU.ActiveCfg = Release|Any CPU
		{D3458F5C-173F-4295-BED7-42E77D391057}.Release|Any CPU.Build.0 = Release|Any CPU
	EndGlobalSection
	GlobalSection(SolutionProperties) = preSolution
		HideSolutionNode = FALSE
	EndGlobalSection
	GlobalSection(ExtensibilityGlobals) = postSolution
		SolutionGuid = {81E1F48F-ECC1-4B2D-A6FF-3260A5A5A1E4}
	EndGlobalSection
EndGlobal
